<?xml version="1.0" encoding="utf-8"?>
<Project ToolsVersion="4.0" xmlns="http://schemas.microsoft.com/developer/msbuild/2003">
  <ItemGroup>
    <Filter Include="Source Files">
      <UniqueIdentifier>{4FC737F1-C7A5-4376-A066-2A32D752A2FF}</UniqueIdentifier>
      <Extensions>cpp;c;cc;cxx;def;odl;idl;hpj;bat;asm;asmx</Extensions>
    </Filter>
    <Filter Include="Header Files">
      <UniqueIdentifier>{93995380-89BD-4b04-88EB-625FBE52EBFB}</UniqueIdentifier>
      <Extensions>h;hpp;hxx;hm;inl;inc;xsd</Extensions>
    </Filter>
    <Filter Include="Shader Files">
      <UniqueIdentifier>{67DA6AB6-F800-4c08-8B7A-83BB121AAD01}</UniqueIdentifier>
      <Extensions>rc;ico;cur;bmp;dlg;rc2;rct;bin;rgs;gif;jpg;jpeg;jpe;resx;tiff;tif;png;wav</Extensions>
    </Filter>
    <Filter Include="Source Files\Objects">
      <UniqueIdentifier>{8f117573-eb28-4db6-b372-3eb01daeaa4c}</UniqueIdentifier>
    </Filter>
    <Filter Include="Header Files\Objects">
      <UniqueIdentifier>{f92300ae-21f5-4f8d-b30a-c283feb9cb87}</UniqueIdentifier>
    </Filter>
    <Filter Include="Header Files\World">
      <UniqueIdentifier>{c5eaada4-a1c5-4db0-ac29-529ce3a158c0}</UniqueIdentifier>
    </Filter>
    <Filter Include="Source Files\World">
      <UniqueIdentifier>{4a3f3abc-9fed-4d2f-8603-db233de1c8f9}</UniqueIdentifier>
    </Filter>
    <Filter Include="Source Files\Util">
      <UniqueIdentifier>{a6af0556-8c59-4691-93f3-cb8b3c7ce496}</UniqueIdentifier>
    </Filter>
    <Filter Include="Header Files\Util">
      <UniqueIdentifier>{4ae346a9-bbce-4b24-879f-6ade3722193a}</UniqueIdentifier>
    </Filter>
    <Filter Include="FW1">
      <UniqueIdentifier>{85483570-2bd5-47a3-b780-2c210057167e}</UniqueIdentifier>
    </Filter>
  </ItemGroup>
  <ItemGroup>
    <ClInclude Include="textureshaderclass.h">
      <Filter>Header Files</Filter>
    </ClInclude>
    <ClInclude Include="textureclass.h">
      <Filter>Header Files</Filter>
    </ClInclude>
    <ClInclude Include="systemclass.h">
      <Filter>Header Files</Filter>
    </ClInclude>
    <ClInclude Include="shadermanagerclass.h">
      <Filter>Header Files</Filter>
    </ClInclude>
    <ClInclude Include="modelclass.h">
      <Filter>Header Files</Filter>
    </ClInclude>
    <ClInclude Include="lightshaderclass.h">
      <Filter>Header Files</Filter>
    </ClInclude>
    <ClInclude Include="lightclass.h">
      <Filter>Header Files</Filter>
    </ClInclude>
    <ClInclude Include="inputclass.h">
      <Filter>Header Files</Filter>
    </ClInclude>
    <ClInclude Include="graphicsclass.h">
      <Filter>Header Files</Filter>
    </ClInclude>
    <ClInclude Include="d3dclass.h">
      <Filter>Header Files</Filter>
    </ClInclude>
    <ClInclude Include="cameraclass.h">
      <Filter>Header Files</Filter>
    </ClInclude>
    <ClInclude Include="bumpmodelclass.h">
      <Filter>Header Files</Filter>
    </ClInclude>
    <ClInclude Include="bumpmapshaderclass.h">
      <Filter>Header Files</Filter>
    </ClInclude>
    <ClInclude Include="DDSTextureLoader.h">
      <Filter>Header Files</Filter>
    </ClInclude>
    <ClInclude Include="BaseObject.h">
      <Filter>Header Files\Objects</Filter>
    </ClInclude>
    <ClInclude Include="World.h">
      <Filter>Header Files\World</Filter>
    </ClInclude>
    <ClInclude Include="StellarBody.h">
      <Filter>Header Files\Objects</Filter>
    </ClInclude>
    <ClInclude Include="CityGenerator.h">
      <Filter>Header Files\World</Filter>
    </ClInclude>
    <ClInclude Include="skyplaneclass.h">
      <Filter>Header Files</Filter>
    </ClInclude>
    <ClInclude Include="skyplaneshaderclass.h">
      <Filter>Header Files</Filter>
    </ClInclude>
    <ClInclude Include="fogshaderclass.h">
      <Filter>Header Files</Filter>
    </ClInclude>
    <ClInclude Include="BoundingBox.h">
      <Filter>Header Files\Util</Filter>
    </ClInclude>
    <ClInclude Include="CollisionUtils.h">
      <Filter>Header Files\Util</Filter>
    </ClInclude>
    <ClInclude Include="bitmapclass.h">
      <Filter>Header Files</Filter>
    </ClInclude>
    <ClInclude Include="fontclass.h">
      <Filter>Header Files</Filter>
    </ClInclude>
    <ClInclude Include="textclass.h">
      <Filter>Header Files</Filter>
    </ClInclude>
    <ClInclude Include="fontshaderclass.h">
      <Filter>Header Files</Filter>
    </ClInclude>
    <ClInclude Include="Parachuter.h">
      <Filter>Header Files\Objects</Filter>
    </ClInclude>
    <ClInclude Include="FW1Library\Source\CFW1ColorRGBA.h">
      <Filter>FW1</Filter>
    </ClInclude>
    <ClInclude Include="FW1Library\Source\CFW1DWriteRenderTarget.h">
      <Filter>FW1</Filter>
    </ClInclude>
    <ClInclude Include="FW1Library\Source\CFW1Factory.h">
      <Filter>FW1</Filter>
    </ClInclude>
    <ClInclude Include="FW1Library\Source\CFW1FontWrapper.h">
      <Filter>FW1</Filter>
    </ClInclude>
    <ClInclude Include="FW1Library\Source\CFW1GlyphAtlas.h">
      <Filter>FW1</Filter>
    </ClInclude>
    <ClInclude Include="FW1Library\Source\CFW1GlyphProvider.h">
      <Filter>FW1</Filter>
    </ClInclude>
    <ClInclude Include="FW1Library\Source\CFW1GlyphRenderStates.h">
      <Filter>FW1</Filter>
    </ClInclude>
    <ClInclude Include="FW1Library\Source\CFW1GlyphSheet.h">
      <Filter>FW1</Filter>
    </ClInclude>
    <ClInclude Include="FW1Library\Source\CFW1GlyphVertexDrawer.h">
      <Filter>FW1</Filter>
    </ClInclude>
    <ClInclude Include="FW1Library\Source\CFW1Object.h">
      <Filter>FW1</Filter>
    </ClInclude>
    <ClInclude Include="FW1Library\Source\CFW1StateSaver.h">
      <Filter>FW1</Filter>
    </ClInclude>
    <ClInclude Include="FW1Library\Source\CFW1TextGeometry.h">
      <Filter>FW1</Filter>
    </ClInclude>
    <ClInclude Include="FW1Library\Source\CFW1TextRenderer.h">
      <Filter>FW1</Filter>
    </ClInclude>
    <ClInclude Include="FW1Library\Source\FW1CompileSettings.h">
      <Filter>FW1</Filter>
    </ClInclude>
    <ClInclude Include="FW1Library\Source\FW1FontWrapper.h">
      <Filter>FW1</Filter>
    </ClInclude>
    <ClInclude Include="FW1Library\Source\FW1Precompiled.h">
      <Filter>FW1</Filter>
    </ClInclude>
  </ItemGroup>
  <ItemGroup>
    <ClCompile Include="bumpmapshaderclass.cpp">
      <Filter>Source Files</Filter>
    </ClCompile>
    <ClCompile Include="bumpmodelclass.cpp">
      <Filter>Source Files</Filter>
    </ClCompile>
    <ClCompile Include="cameraclass.cpp">
      <Filter>Source Files</Filter>
    </ClCompile>
    <ClCompile Include="d3dclass.cpp">
      <Filter>Source Files</Filter>
    </ClCompile>
    <ClCompile Include="graphicsclass.cpp">
      <Filter>Source Files</Filter>
    </ClCompile>
    <ClCompile Include="inputclass.cpp">
      <Filter>Source Files</Filter>
    </ClCompile>
    <ClCompile Include="lightclass.cpp">
      <Filter>Source Files</Filter>
    </ClCompile>
    <ClCompile Include="lightshaderclass.cpp">
      <Filter>Source Files</Filter>
    </ClCompile>
    <ClCompile Include="main.cpp">
      <Filter>Source Files</Filter>
    </ClCompile>
    <ClCompile Include="modelclass.cpp">
      <Filter>Source Files</Filter>
    </ClCompile>
    <ClCompile Include="shadermanagerclass.cpp">
      <Filter>Source Files</Filter>
    </ClCompile>
    <ClCompile Include="systemclass.cpp">
      <Filter>Source Files</Filter>
    </ClCompile>
    <ClCompile Include="textureclass.cpp">
      <Filter>Source Files</Filter>
    </ClCompile>
    <ClCompile Include="textureshaderclass.cpp">
      <Filter>Source Files</Filter>
    </ClCompile>
    <ClCompile Include="DDSTextureLoader.cpp">
      <Filter>Source Files</Filter>
    </ClCompile>
    <ClCompile Include="BaseObject.cpp">
      <Filter>Source Files\Objects</Filter>
    </ClCompile>
    <ClCompile Include="World.cpp">
      <Filter>Source Files\World</Filter>
    </ClCompile>
    <ClCompile Include="StellarBody.cpp">
      <Filter>Source Files\Objects</Filter>
    </ClCompile>
    <ClCompile Include="CityGenerator.cpp">
      <Filter>Source Files\World</Filter>
    </ClCompile>
    <ClCompile Include="skyplaneclass.cpp">
      <Filter>Source Files</Filter>
    </ClCompile>
    <ClCompile Include="skyplaneshaderclass.cpp">
      <Filter>Source Files</Filter>
    </ClCompile>
    <ClCompile Include="fogshaderclass.cpp">
      <Filter>Source Files</Filter>
    </ClCompile>
    <ClCompile Include="BoundingBox.cpp">
      <Filter>Source Files\Util</Filter>
    </ClCompile>
    <ClCompile Include="CollisionUtils.cpp">
      <Filter>Source Files\Util</Filter>
    </ClCompile>
    <ClCompile Include="bitmapclass.cpp">
      <Filter>Source Files</Filter>
    </ClCompile>
    <ClCompile Include="fontclass.cpp">
      <Filter>Source Files</Filter>
    </ClCompile>
    <ClCompile Include="textclass.cpp">
      <Filter>Source Files</Filter>
    </ClCompile>
    <ClCompile Include="fontshaderclass.cpp">
      <Filter>Source Files</Filter>
    </ClCompile>
    <ClCompile Include="Parachuter.cpp">
      <Filter>Source Files\Objects</Filter>
    </ClCompile>
    <ClCompile Include="FW1Library\Source\CFW1ColorRGBA.cpp">
      <Filter>FW1</Filter>
    </ClCompile>
    <ClCompile Include="FW1Library\Source\CFW1ColorRGBAInterface.cpp">
      <Filter>FW1</Filter>
    </ClCompile>
    <ClCompile Include="FW1Library\Source\CFW1DWriteRenderTarget.cpp">
      <Filter>FW1</Filter>
    </ClCompile>
    <ClCompile Include="FW1Library\Source\CFW1DWriteRenderTargetInterface.cpp">
      <Filter>FW1</Filter>
    </ClCompile>
    <ClCompile Include="FW1Library\Source\CFW1Factory.cpp">
      <Filter>FW1</Filter>
    </ClCompile>
    <ClCompile Include="FW1Library\Source\CFW1FactoryInterface.cpp">
      <Filter>FW1</Filter>
    </ClCompile>
    <ClCompile Include="FW1Library\Source\CFW1FontWrapper.cpp">
      <Filter>FW1</Filter>
    </ClCompile>
    <ClCompile Include="FW1Library\Source\CFW1FontWrapperInterface.cpp">
      <Filter>FW1</Filter>
    </ClCompile>
    <ClCompile Include="FW1Library\Source\CFW1GlyphAtlas.cpp">
      <Filter>FW1</Filter>
    </ClCompile>
    <ClCompile Include="FW1Library\Source\CFW1GlyphAtlasInterface.cpp">
      <Filter>FW1</Filter>
    </ClCompile>
    <ClCompile Include="FW1Library\Source\CFW1GlyphProvider.cpp">
      <Filter>FW1</Filter>
    </ClCompile>
    <ClCompile Include="FW1Library\Source\CFW1GlyphProviderInterface.cpp">
      <Filter>FW1</Filter>
    </ClCompile>
    <ClCompile Include="FW1Library\Source\CFW1GlyphRenderStates.cpp">
      <Filter>FW1</Filter>
    </ClCompile>
    <ClCompile Include="FW1Library\Source\CFW1GlyphRenderStatesInterface.cpp">
      <Filter>FW1</Filter>
    </ClCompile>
    <ClCompile Include="FW1Library\Source\CFW1GlyphSheet.cpp">
      <Filter>FW1</Filter>
    </ClCompile>
    <ClCompile Include="FW1Library\Source\CFW1GlyphSheetInterface.cpp">
      <Filter>FW1</Filter>
    </ClCompile>
    <ClCompile Include="FW1Library\Source\CFW1GlyphVertexDrawer.cpp">
      <Filter>FW1</Filter>
    </ClCompile>
    <ClCompile Include="FW1Library\Source\CFW1GlyphVertexDrawerInterface.cpp">
      <Filter>FW1</Filter>
    </ClCompile>
    <ClCompile Include="FW1Library\Source\CFW1StateSaver.cpp">
      <Filter>FW1</Filter>
    </ClCompile>
    <ClCompile Include="FW1Library\Source\CFW1TextGeometry.cpp">
      <Filter>FW1</Filter>
    </ClCompile>
    <ClCompile Include="FW1Library\Source\CFW1TextGeometryInterface.cpp">
      <Filter>FW1</Filter>
    </ClCompile>
    <ClCompile Include="FW1Library\Source\CFW1TextRenderer.cpp">
      <Filter>FW1</Filter>
    </ClCompile>
    <ClCompile Include="FW1Library\Source\CFW1TextRendererInterface.cpp">
      <Filter>FW1</Filter>
    </ClCompile>
    <ClCompile Include="FW1Library\Source\FW1FontWrapper.cpp">
      <Filter>FW1</Filter>
    </ClCompile>
    <ClCompile Include="FW1Library\Source\FW1Precompiled.cpp">
      <Filter>FW1</Filter>
    </ClCompile>
  </ItemGroup>
  <ItemGroup>
    <None Include="bumpmap.ps">
      <Filter>Shader Files</Filter>
    </None>
    <None Include="light.ps">
      <Filter>Shader Files</Filter>
    </None>
    <None Include="texture.ps">
      <Filter>Shader Files</Filter>
    </None>
    <None Include="bumpmap.vs">
      <Filter>Shader Files</Filter>
    </None>
    <None Include="light.vs">
      <Filter>Shader Files</Filter>
    </None>
    <None Include="texture.vs">
      <Filter>Shader Files</Filter>
    </None>
    <None Include="skyplane.vs">
      <Filter>Shader Files</Filter>
    </None>
    <None Include="skyplane.ps">
      <Filter>Shader Files</Filter>
    </None>
    <None Include="fog.ps">
      <Filter>Shader Files</Filter>
    </None>
    <None Include="fog.vs">
      <Filter>Shader Files</Filter>
    </None>
    <None Include="font.ps">
      <Filter>Shader Files</Filter>
    </None>
    <None Include="font.vs">
      <Filter>Shader Files</Filter>
    </None>
  </ItemGroup>
  <ItemGroup>
    <Library Include="FW1Library\Source\FW1FontWrapper.lib">
      <Filter>FW1</Filter>
    </Library>
  </ItemGroup>
</Project>